// !$*UTF8*$!
{
	archiveVersion = 1;
	classes = {
	};
	objectVersion = 50;
	objects = {

/* Begin PBXBuildFile section */
		8509FB3322956B3000D4DD02 /* AppDelegate.swift in Sources */ = {isa = PBXBuildFile; fileRef = 8509FB3222956B3000D4DD02 /* AppDelegate.swift */; };
		8509FB3522956B3000D4DD02 /* ViewController.swift in Sources */ = {isa = PBXBuildFile; fileRef = 8509FB3422956B3000D4DD02 /* ViewController.swift */; };
		8509FB3822956B3000D4DD02 /* Main.storyboard in Resources */ = {isa = PBXBuildFile; fileRef = 8509FB3622956B3000D4DD02 /* Main.storyboard */; };
		8509FB3A22956B3400D4DD02 /* Assets.xcassets in Resources */ = {isa = PBXBuildFile; fileRef = 8509FB3922956B3400D4DD02 /* Assets.xcassets */; };
		8509FB3D22956B3400D4DD02 /* LaunchScreen.storyboard in Resources */ = {isa = PBXBuildFile; fileRef = 8509FB3B22956B3400D4DD02 /* LaunchScreen.storyboard */; };
		85FDE3BB2295960A007080CD /* AppetizerController.swift in Sources */ = {isa = PBXBuildFile; fileRef = 85FDE3BA2295960A007080CD /* AppetizerController.swift */; };
		85FDE3BD2295963F007080CD /* AppetizerIntroController.swift in Sources */ = {isa = PBXBuildFile; fileRef = 85FDE3BC2295963F007080CD /* AppetizerIntroController.swift */; };
		85FDE3BF2295966A007080CD /* EntreeController.swift in Sources */ = {isa = PBXBuildFile; fileRef = 85FDE3BE2295966A007080CD /* EntreeController.swift */; };
		85FDE3C12295968E007080CD /* EntreeIntroController.swift in Sources */ = {isa = PBXBuildFile; fileRef = 85FDE3C02295968E007080CD /* EntreeIntroController.swift */; };
		85FDE3C3229596AF007080CD /* DesertController.swift in Sources */ = {isa = PBXBuildFile; fileRef = 85FDE3C2229596AF007080CD /* DesertController.swift */; };
		85FDE3C5229596D2007080CD /* DesertIntroController.swift in Sources */ = {isa = PBXBuildFile; fileRef = 85FDE3C4229596D2007080CD /* DesertIntroController.swift */; };
		85FDE3CC2295EC85007080CD /* Question.swift in Sources */ = {isa = PBXBuildFile; fileRef = 85FDE3CB2295EC85007080CD /* Question.swift */; };
		85FDE3CE2295EC9A007080CD /* QuestionBank.swift in Sources */ = {isa = PBXBuildFile; fileRef = 85FDE3CD2295EC9A007080CD /* QuestionBank.swift */; };
		85FDE3D52295F59A007080CD /* ProgressHUD.m in Sources */ = {isa = PBXBuildFile; fileRef = 85FDE3D22295F599007080CD /* ProgressHUD.m */; };
		85FDE3D62295F59A007080CD /* ProgressHUD.bundle in Resources */ = {isa = PBXBuildFile; fileRef = 85FDE3D32295F599007080CD /* ProgressHUD.bundle */; };
/* End PBXBuildFile section */

/* Begin PBXFileReference section */
		8509FB2F22956B3000D4DD02 /* Ambrainsia.app */ = {isa = PBXFileReference; explicitFileType = wrapper.application; includeInIndex = 0; path = Ambrainsia.app; sourceTree = BUILT_PRODUCTS_DIR; };
		8509FB3222956B3000D4DD02 /* AppDelegate.swift */ = {isa = PBXFileReference; lastKnownFileType = sourcecode.swift; path = AppDelegate.swift; sourceTree = "<group>"; };
		8509FB3422956B3000D4DD02 /* ViewController.swift */ = {isa = PBXFileReference; lastKnownFileType = sourcecode.swift; path = ViewController.swift; sourceTree = "<group>"; };
		8509FB3722956B3000D4DD02 /* Base */ = {isa = PBXFileReference; lastKnownFileType = file.storyboard; name = Base; path = Base.lproj/Main.storyboard; sourceTree = "<group>"; };
		8509FB3922956B3400D4DD02 /* Assets.xcassets */ = {isa = PBXFileReference; lastKnownFileType = folder.assetcatalog; path = Assets.xcassets; sourceTree = "<group>"; };
		8509FB3C22956B3400D4DD02 /* Base */ = {isa = PBXFileReference; lastKnownFileType = file.storyboard; name = Base; path = Base.lproj/LaunchScreen.storyboard; sourceTree = "<group>"; };
		8509FB3E22956B3400D4DD02 /* Info.plist */ = {isa = PBXFileReference; lastKnownFileType = text.plist.xml; path = Info.plist; sourceTree = "<group>"; };
		85FDE3BA2295960A007080CD /* AppetizerController.swift */ = {isa = PBXFileReference; lastKnownFileType = sourcecode.swift; path = AppetizerController.swift; sourceTree = "<group>"; };
		85FDE3BC2295963F007080CD /* AppetizerIntroController.swift */ = {isa = PBXFileReference; lastKnownFileType = sourcecode.swift; path = AppetizerIntroController.swift; sourceTree = "<group>"; };
		85FDE3BE2295966A007080CD /* EntreeController.swift */ = {isa = PBXFileReference; lastKnownFileType = sourcecode.swift; path = EntreeController.swift; sourceTree = "<group>"; };
		85FDE3C02295968E007080CD /* EntreeIntroController.swift */ = {isa = PBXFileReference; lastKnownFileType = sourcecode.swift; path = EntreeIntroController.swift; sourceTree = "<group>"; };
		85FDE3C2229596AF007080CD /* DesertController.swift */ = {isa = PBXFileReference; lastKnownFileType = sourcecode.swift; path = DesertController.swift; sourceTree = "<group>"; };
		85FDE3C4229596D2007080CD /* DesertIntroController.swift */ = {isa = PBXFileReference; lastKnownFileType = sourcecode.swift; path = DesertIntroController.swift; sourceTree = "<group>"; };
		85FDE3CB2295EC85007080CD /* Question.swift */ = {isa = PBXFileReference; lastKnownFileType = sourcecode.swift; path = Question.swift; sourceTree = "<group>"; };
		85FDE3CD2295EC9A007080CD /* QuestionBank.swift */ = {isa = PBXFileReference; lastKnownFileType = sourcecode.swift; path = QuestionBank.swift; sourceTree = "<group>"; };
		85FDE3D12295F599007080CD /* Ambrainsia-Bridging-Header.h */ = {isa = PBXFileReference; lastKnownFileType = sourcecode.c.h; path = "Ambrainsia-Bridging-Header.h"; sourceTree = "<group>"; };
		85FDE3D22295F599007080CD /* ProgressHUD.m */ = {isa = PBXFileReference; fileEncoding = 4; lastKnownFileType = sourcecode.c.objc; path = ProgressHUD.m; sourceTree = "<group>"; };
		85FDE3D32295F599007080CD /* ProgressHUD.bundle */ = {isa = PBXFileReference; lastKnownFileType = "wrapper.plug-in"; path = ProgressHUD.bundle; sourceTree = "<group>"; };
		85FDE3D42295F599007080CD /* ProgressHUD.h */ = {isa = PBXFileReference; fileEncoding = 4; lastKnownFileType = sourcecode.c.h; path = ProgressHUD.h; sourceTree = "<group>"; };
/* End PBXFileReference section */

/* Begin PBXFrameworksBuildPhase section */
		8509FB2C22956B3000D4DD02 /* Frameworks */ = {
			isa = PBXFrameworksBuildPhase;
			buildActionMask = 2147483647;
			files = (
			);
			runOnlyForDeploymentPostprocessing = 0;
		};
/* End PBXFrameworksBuildPhase section */

/* Begin PBXGroup section */
		8509FB2622956B2F00D4DD02 = {
			isa = PBXGroup;
			children = (
				8509FB3122956B3000D4DD02 /* Ambrainsia */,
				8509FB3022956B3000D4DD02 /* Products */,
			);
			sourceTree = "<group>";
		};
		8509FB3022956B3000D4DD02 /* Products */ = {
			isa = PBXGroup;
			children = (
				8509FB2F22956B3000D4DD02 /* Ambrainsia.app */,
			);
			name = Products;
			sourceTree = "<group>";
		};
		8509FB3122956B3000D4DD02 /* Ambrainsia */ = {
			isa = PBXGroup;
			children = (
				85FDE3D32295F599007080CD /* ProgressHUD.bundle */,
				85FDE3D42295F599007080CD /* ProgressHUD.h */,
				85FDE3D22295F599007080CD /* ProgressHUD.m */,
				85FDE3CA2295EC65007080CD /* Model */,
				85FDE3C722959722007080CD /* View */,
				85FDE3C6229596D9007080CD /* Controller */,
				8509FB3E22956B3400D4DD02 /* Info.plist */,
				85FDE3D12295F599007080CD /* Ambrainsia-Bridging-Header.h */,
			);
			path = Ambrainsia;
			sourceTree = "<group>";
		};
		85FDE3C6229596D9007080CD /* Controller */ = {
			isa = PBXGroup;
			children = (
				8509FB3222956B3000D4DD02 /* AppDelegate.swift */,
				8509FB3422956B3000D4DD02 /* ViewController.swift */,
				85FDE3BC2295963F007080CD /* AppetizerIntroController.swift */,
				85FDE3BA2295960A007080CD /* AppetizerController.swift */,
				85FDE3C02295968E007080CD /* EntreeIntroController.swift */,
				85FDE3BE2295966A007080CD /* EntreeController.swift */,
				85FDE3C4229596D2007080CD /* DesertIntroController.swift */,
				85FDE3C2229596AF007080CD /* DesertController.swift */,
			);
			path = Controller;
			sourceTree = "<group>";
		};
		85FDE3C722959722007080CD /* View */ = {
			isa = PBXGroup;
			children = (
				8509FB3622956B3000D4DD02 /* Main.storyboard */,
				8509FB3B22956B3400D4DD02 /* LaunchScreen.storyboard */,
				8509FB3922956B3400D4DD02 /* Assets.xcassets */,
			);
			path = View;
			sourceTree = "<group>";
		};
		85FDE3CA2295EC65007080CD /* Model */ = {
			isa = PBXGroup;
			children = (
				85FDE3CB2295EC85007080CD /* Question.swift */,
				85FDE3CD2295EC9A007080CD /* QuestionBank.swift */,
			);
			path = Model;
			sourceTree = "<group>";
		};
/* End PBXGroup section */

/* Begin PBXNativeTarget section */
		8509FB2E22956B3000D4DD02 /* Ambrainsia */ = {
			isa = PBXNativeTarget;
			buildConfigurationList = 8509FB4122956B3400D4DD02 /* Build configuration list for PBXNativeTarget "Ambrainsia" */;
			buildPhases = (
				8509FB2B22956B3000D4DD02 /* Sources */,
				8509FB2C22956B3000D4DD02 /* Frameworks */,
				8509FB2D22956B3000D4DD02 /* Resources */,
			);
			buildRules = (
			);
			dependencies = (
			);
			name = Ambrainsia;
			productName = Ambrainsia;
			productReference = 8509FB2F22956B3000D4DD02 /* Ambrainsia.app */;
			productType = "com.apple.product-type.application";
		};
/* End PBXNativeTarget section */

/* Begin PBXProject section */
		8509FB2722956B2F00D4DD02 /* Project object */ = {
			isa = PBXProject;
			attributes = {
				LastSwiftUpdateCheck = 1020;
				LastUpgradeCheck = 1020;
				ORGANIZATIONNAME = "Timothy Itodo";
				TargetAttributes = {
					8509FB2E22956B3000D4DD02 = {
						CreatedOnToolsVersion = 10.2.1;
						LastSwiftMigration = 1020;
					};
				};
			};
			buildConfigurationList = 8509FB2A22956B2F00D4DD02 /* Build configuration list for PBXProject "Ambrainsia" */;
			compatibilityVersion = "Xcode 9.3";
			developmentRegion = en;
			hasScannedForEncodings = 0;
			knownRegions = (
				en,
				Base,
			);
			mainGroup = 8509FB2622956B2F00D4DD02;
			productRefGroup = 8509FB3022956B3000D4DD02 /* Products */;
			projectDirPath = "";
			projectRoot = "";
			targets = (
				8509FB2E22956B3000D4DD02 /* Ambrainsia */,
			);
		};
/* End PBXProject section */

/* Begin PBXResourcesBuildPhase section */
		8509FB2D22956B3000D4DD02 /* Resources */ = {
			isa = PBXResourcesBuildPhase;
			buildActionMask = 2147483647;
			files = (
				85FDE3D62295F59A007080CD /* ProgressHUD.bundle in Resources */,
				8509FB3D22956B3400D4DD02 /* LaunchScreen.storyboard in Resources */,
				8509FB3A22956B3400D4DD02 /* Assets.xcassets in Resources */,
				8509FB3822956B3000D4DD02 /* Main.storyboard in Resources */,
			);
			runOnlyForDeploymentPostprocessing = 0;
		};
/* End PBXResourcesBuildPhase section */

/* Begin PBXSourcesBuildPhase section */
		8509FB2B22956B3000D4DD02 /* Sources */ = {
			isa = PBXSourcesBuildPhase;
			buildActionMask = 2147483647;
			files = (
				8509FB3522956B3000D4DD02 /* ViewController.swift in Sources */,
				85FDE3C3229596AF007080CD /* DesertController.swift in Sources */,
				85FDE3C12295968E007080CD /* EntreeIntroController.swift in Sources */,
				85FDE3CE2295EC9A007080CD /* QuestionBank.swift in Sources */,
				85FDE3CC2295EC85007080CD /* Question.swift in Sources */,
				85FDE3BD2295963F007080CD /* AppetizerIntroController.swift in Sources */,
				85FDE3D52295F59A007080CD /* ProgressHUD.m in Sources */,
				85FDE3BF2295966A007080CD /* EntreeController.swift in Sources */,
				85FDE3C5229596D2007080CD /* DesertIntroController.swift in Sources */,
				8509FB3322956B3000D4DD02 /* AppDelegate.swift in Sources */,
				85FDE3BB2295960A007080CD /* AppetizerController.swift in Sources */,
			);
			runOnlyForDeploymentPostprocessing = 0;
		};
/* End PBXSourcesBuildPhase section */

/* Begin PBXVariantGroup section */
		8509FB3622956B3000D4DD02 /* Main.storyboard */ = {
			isa = PBXVariantGroup;
			children = (
				8509FB3722956B3000D4DD02 /* Base */,
			);
			name = Main.storyboard;
			sourceTree = "<group>";
		};
		8509FB3B22956B3400D4DD02 /* LaunchScreen.storyboard */ = {
			isa = PBXVariantGroup;
			children = (
				8509FB3C22956B3400D4DD02 /* Base */,
			);
			name = LaunchScreen.storyboard;
			sourceTree = "<group>";
		};
/* End PBXVariantGroup section */

/* Begin XCBuildConfiguration section */
		8509FB3F22956B3400D4DD02 /* Debug */ = {
			isa = XCBuildConfiguration;
			buildSettings = {
				ALWAYS_SEARCH_USER_PATHS = NO;
				CLANG_ANALYZER_NONNULL = YES;
				CLANG_ANALYZER_NUMBER_OBJECT_CONVERSION = YES_AGGRESSIVE;
				CLANG_CXX_LANGUAGE_STANDARD = "gnu++14";
				CLANG_CXX_LIBRARY = "libc++";
				CLANG_ENABLE_MODULES = YES;
				CLANG_ENABLE_OBJC_ARC = YES;
				CLANG_ENABLE_OBJC_WEAK = YES;
				CLANG_WARN_BLOCK_CAPTURE_AUTORELEASING = YES;
				CLANG_WARN_BOOL_CONVERSION = YES;
				CLANG_WARN_COMMA = YES;
				CLANG_WARN_CONSTANT_CONVERSION = YES;
				CLANG_WARN_DEPRECATED_OBJC_IMPLEMENTATIONS = YES;
				CLANG_WARN_DIRECT_OBJC_ISA_USAGE = YES_ERROR;
				CLANG_WARN_DOCUMENTATION_COMMENTS = YES;
				CLANG_WARN_EMPTY_BODY = YES;
				CLANG_WARN_ENUM_CONVERSION = YES;
				CLANG_WARN_INFINITE_RECURSION = YES;
				CLANG_WARN_INT_CONVERSION = YES;
				CLANG_WARN_NON_LITERAL_NULL_CONVERSION = YES;
				CLANG_WARN_OBJC_IMPLICIT_RETAIN_SELF = YES;
				CLANG_WARN_OBJC_LITERAL_CONVERSION = YES;
				CLANG_WARN_OBJC_ROOT_CLASS = YES_ERROR;
				CLANG_WARN_RANGE_LOOP_ANALYSIS = YES;
				CLANG_WARN_STRICT_PROTOTYPES = YES;
				CLANG_WARN_SUSPICIOUS_MOVE = YES;
				CLANG_WARN_UNGUARDED_AVAILABILITY = YES_AGGRESSIVE;
				CLANG_WARN_UNREACHABLE_CODE = YES;
				CLANG_WARN__DUPLICATE_METHOD_MATCH = YES;
				CODE_SIGN_IDENTITY = "iPhone Developer";
				COPY_PHASE_STRIP = NO;
				DEBUG_INFORMATION_FORMAT = dwarf;
				ENABLE_STRICT_OBJC_MSGSEND = YES;
				ENABLE_TESTABILITY = YES;
				GCC_C_LANGUAGE_STANDARD = gnu11;
				GCC_DYNAMIC_NO_PIC = NO;
				GCC_NO_COMMON_BLOCKS = YES;
				GCC_OPTIMIZATION_LEVEL = 0;
				GCC_PREPROCESSOR_DEFINITIONS = (
					"DEBUG=1",
					"$(inherited)",
				);
				GCC_WARN_64_TO_32_BIT_CONVERSION = YES;
				GCC_WARN_ABOUT_RETURN_TYPE = YES_ERROR;
				GCC_WARN_UNDECLARED_SELECTOR = YES;
				GCC_WARN_UNINITIALIZED_AUTOS = YES_AGGRESSIVE;
				GCC_WARN_UNUSED_FUNCTION = YES;
				GCC_WARN_UNUSED_VARIABLE = YES;
				IPHONEOS_DEPLOYMENT_TARGET = 12.2;
				MTL_ENABLE_DEBUG_INFO = INCLUDE_SOURCE;
				MTL_FAST_MATH = YES;
				ONLY_ACTIVE_ARCH = YES;
				SDKROOT = iphoneos;
				SWIFT_ACTIVE_COMPILATION_CONDITIONS = DEBUG;
				SWIFT_OPTIMIZATION_LEVEL = "-Onone";
			};
			name = Debug;
		};
		8509FB4022956B3400D4DD02 /* Release */ = {
			isa = XCBuildConfiguration;
			buildSettings = {
				ALWAYS_SEARCH_USER_PATHS = NO;
				CLANG_ANALYZER_NONNULL = YES;
				CLANG_ANALYZER_NUMBER_OBJECT_CONVERSION = YES_AGGRESSIVE;
				CLANG_CXX_LANGUAGE_STANDARD = "gnu++14";
				CLANG_CXX_LIBRARY = "libc++";
				CLANG_ENABLE_MODULES = YES;
				CLANG_ENABLE_OBJC_ARC = YES;
				CLANG_ENABLE_OBJC_WEAK = YES;
				CLANG_WARN_BLOCK_CAPTURE_AUTORELEASING = YES;
				CLANG_WARN_BOOL_CONVERSION = YES;
				CLANG_WARN_COMMA = YES;
				CLANG_WARN_CONSTANT_CONVERSION = YES;
				CLANG_WARN_DEPRECATED_OBJC_IMPLEMENTATIONS = YES;
				CLANG_WARN_DIRECT_OBJC_ISA_USAGE = YES_ERROR;
				CLANG_WARN_DOCUMENTATION_COMMENTS = YES;
				CLANG_WARN_EMPTY_BODY = YES;
				CLANG_WARN_ENUM_CONVERSION = YES;
				CLANG_WARN_INFINITE_RECURSION = YES;
				CLANG_WARN_INT_CONVERSION = YES;
				CLANG_WARN_NON_LITERAL_NULL_CONVERSION = YES;
				CLANG_WARN_OBJC_IMPLICIT_RETAIN_SELF = YES;
				CLANG_WARN_OBJC_LITERAL_CONVERSION = YES;
				CLANG_WARN_OBJC_ROOT_CLASS = YES_ERROR;
				CLANG_WARN_RANGE_LOOP_ANALYSIS = YES;
				CLANG_WARN_STRICT_PROTOTYPES = YES;
				CLANG_WARN_SUSPICIOUS_MOVE = YES;
				CLANG_WARN_UNGUARDED_AVAILABILITY = YES_AGGRESSIVE;
				CLANG_WARN_UNREACHABLE_CODE = YES;
				CLANG_WARN__DUPLICATE_METHOD_MATCH = YES;
				CODE_SIGN_IDENTITY = "iPhone Developer";
				COPY_PHASE_STRIP = NO;
				DEBUG_INFORMATION_FORMAT = "dwarf-with-dsym";
				ENABLE_NS_ASSERTIONS = NO;
				ENABLE_STRICT_OBJC_MSGSEND = YES;
				GCC_C_LANGUAGE_STANDARD = gnu11;
				GCC_NO_COMMON_BLOCKS = YES;
				GCC_WARN_64_TO_32_BIT_CONVERSION = YES;
				GCC_WARN_ABOUT_RETURN_TYPE = YES_ERROR;
				GCC_WARN_UNDECLARED_SELECTOR = YES;
				GCC_WARN_UNINITIALIZED_AUTOS = YES_AGGRESSIVE;
				GCC_WARN_UNUSED_FUNCTION = YES;
				GCC_WARN_UNUSED_VARIABLE = YES;
				IPHONEOS_DEPLOYMENT_TARGET = 12.2;
				MTL_ENABLE_DEBUG_INFO = NO;
				MTL_FAST_MATH = YES;
				SDKROOT = iphoneos;
				SWIFT_COMPILATION_MODE = wholemodule;
				SWIFT_OPTIMIZATION_LEVEL = "-O";
				VALIDATE_PRODUCT = YES;
			};
			name = Release;
		};
		8509FB4222956B3400D4DD02 /* Debug */ = {
			isa = XCBuildConfiguration;
			buildSettings = {
				ASSETCATALOG_COMPILER_APPICON_NAME = AppIcon;
				CLANG_ENABLE_MODULES = YES;
				CODE_SIGN_STYLE = Automatic;
				DEVELOPMENT_TEAM = 4J4YLJCRFF;
				INFOPLIST_FILE = Ambrainsia/Info.plist;
				LD_RUNPATH_SEARCH_PATHS = (
					"$(inherited)",
					"@executable_path/Frameworks",
				);
				PRODUCT_BUNDLE_IDENTIFIER = com.timothyItodo.Ambrainsia;
				PRODUCT_NAME = "$(TARGET_NAME)";
				SWIFT_OBJC_BRIDGING_HEADER = "Ambrainsia/Ambrainsia-Bridging-Header.h";
				SWIFT_OPTIMIZATION_LEVEL = "-Onone";
				SWIFT_VERSION = 5.0;
				TARGETED_DEVICE_FAMILY = "1,2";
			};
			name = Debug;
		};
		8509FB4322956B3400D4DD02 /* Release */ = {
			isa = XCBuildConfiguration;
			buildSettings = {
				ASSETCATALOG_COMPILER_APPICON_NAME = AppIcon;
				CLANG_ENABLE_MODULES = YES;
				CODE_SIGN_STYLE = Automatic;
				DEVELOPMENT_TEAM = 4J4YLJCRFF;
				INFOPLIST_FILE = Ambrainsia/Info.plist;
				LD_RUNPATH_SEARCH_PATHS = (
					"$(inherited)",
					"@executable_path/Frameworks",
				);
				PRODUCT_BUNDLE_IDENTIFIER = com.timothyItodo.Ambrainsia;
				PRODUCT_NAME = "$(TARGET_NAME)";
				SWIFT_OBJC_BRIDGING_HEADER = "Ambrainsia/Ambrainsia-Bridging-Header.h";
				SWIFT_VERSION = 5.0;
				TARGETED_DEVICE_FAMILY = "1,2";
			};
			name = Release;
		};
/* End XCBuildConfiguration section */

/* Begin XCConfigurationList section */
		8509FB2A22956B2F00D4DD02 /* Build configuration list for PBXProject "Ambrainsia" */ = {
			isa = XCConfigurationList;
			buildConfigurations = (
				8509FB3F22956B3400D4DD02 /* Debug */,
				8509FB4022956B3400D4DD02 /* Release */,
			);
			defaultConfigurationIsVisible = 0;
			defaultConfigurationName = Release;
		};
		8509FB4122956B3400D4DD02 /* Build configuration list for PBXNativeTarget "Ambrainsia" */ = {
			isa = XCConfigurationList;
			buildConfigurations = (
				8509FB4222956B3400D4DD02 /* Debug */,
				8509FB4322956B3400D4DD02 /* Release */,
			);
			defaultConfigurationIsVisible = 0;
			defaultConfigurationName = Release;
		};
/* End XCConfigurationList section */
	};
	rootObject = 8509FB2722956B2F00D4DD02 /* Project object */;
}
